
Microsoft Visual Studio Solution File, Format Version 12.00
# Visual Studio Version 17
VisualStudioVersion = 17.6.33815.320
MinimumVisualStudioVersion = 10.0.40219.1
Project("{FAE04EC0-301F-11D3-BF4B-00C04F79EFBC}") = "19", "19\19.csproj", "{BAB88BC4-2CCF-442C-91FC-F1555C69B8E9}"
EndProject
Global
	GlobalSection(SolutionConfigurationPlatforms) = preSolution
		Debug|Any CPU = Debug|Any CPU
		Release|Any CPU = Release|Any CPU
	EndGlobalSection
	GlobalSection(ProjectConfigurationPlatforms) = postSolution
		{BAB88BC4-2CCF-442C-91FC-F1555C69B8E9}.Debug|Any CPU.ActiveCfg = Debug|Any CPU
		{BAB88BC4-2CCF-442C-91FC-F1555C69B8E9}.Debug|Any CPU.Build.0 = Debug|Any CPU
		{BAB88BC4-2CCF-442C-91FC-F1555C69B8E9}.Release|Any CPU.ActiveCfg = Release|Any CPU
		{BAB88BC4-2CCF-442C-91FC-F1555C69B8E9}.Release|Any CPU.Build.0 = Release|Any CPU
	EndGlobalSection
	GlobalSection(SolutionProperties) = preSolution
		HideSolutionNode = FALSE
	EndGlobalSection
	GlobalSection(ExtensibilityGlobals) = postSolution
		SolutionGuid = {8149D4A8-D09D-4CBC-A5FC-46C1F4006F35}
	EndGlobalSection
EndGlobal
